
Microsoft Visual Studio Solution File, Format Version 10.00
# Visual Studio 2008
Project("{8BC9CEB8-8B4A-11D0-8D11-00A0C91BC942}") = "LibDirectX11", "LibDirectX11\LibDirectX11.vcproj", "{E68974BA-1FE7-4AF4-BF5B-04C041124AFB}"
EndProject
Project("{8BC9CEB8-8B4A-11D0-8D11-00A0C91BC942}") = "TestTriangle", "TestTriangle\TestTriangle.vcproj", "{D5FE27A9-C66A-4B8B-BD96-CEB4E2F41073}"
	ProjectSection(ProjectDependencies) = postProject
		{E68974BA-1FE7-4AF4-BF5B-04C041124AFB} = {E68974BA-1FE7-4AF4-BF5B-04C041124AFB}
	EndProjectSection
EndProject
Global
	GlobalSection(SolutionConfigurationPlatforms) = preSolution
		Debug|Win32 = Debug|Win32
		Release|Win32 = Release|Win32
	EndGlobalSection
	GlobalSection(ProjectConfigurationPlatforms) = postSolution
		{E68974BA-1FE7-4AF4-BF5B-04C041124AFB}.Debug|Win32.ActiveCfg = Debug|Win32
		{E68974BA-1FE7-4AF4-BF5B-04C041124AFB}.Debug|Win32.Build.0 = Debug|Win32
		{E68974BA-1FE7-4AF4-BF5B-04C041124AFB}.Release|Win32.ActiveCfg = Release|Win32
		{E68974BA-1FE7-4AF4-BF5B-04C041124AFB}.Release|Win32.Build.0 = Release|Win32
		{D5FE27A9-C66A-4B8B-BD96-CEB4E2F41073}.Debug|Win32.ActiveCfg = Debug|Win32
		{D5FE27A9-C66A-4B8B-BD96-CEB4E2F41073}.Debug|Win32.Build.0 = Debug|Win32
		{D5FE27A9-C66A-4B8B-BD96-CEB4E2F41073}.Release|Win32.ActiveCfg = Release|Win32
		{D5FE27A9-C66A-4B8B-BD96-CEB4E2F41073}.Release|Win32.Build.0 = Release|Win32
	EndGlobalSection
	GlobalSection(SolutionProperties) = preSolution
		HideSolutionNode = FALSE
	EndGlobalSection
EndGlobal
